
Microsoft Visual Studio Solution File, Format Version 12.00
# Visual Studio Version 16
VisualStudioVersion = 16.0.28917.182
MinimumVisualStudioVersion = 10.0.40219.1
Project("{9A19103F-16F7-4668-BE54-9A1E7A4F7556}") = "Fabrikam.DroneDelivery.Common", "..\delivery\Fabrikam.DroneDelivery.Common\Fabrikam.DroneDelivery.Common.csproj", "{81A668CF-785F-4A63-A2C7-76C86F16F49A}"
EndProject
Project("{9A19103F-16F7-4668-BE54-9A1E7A4F7556}") = "Fabrikam.DroneDelivery.DroneSchedulerService.Tests", "Fabrikam.DroneDelivery.DroneSchedulerService.Tests\Fabrikam.DroneDelivery.DroneSchedulerService.Tests.csproj", "{4D0F39C2-0653-4E01-B1F6-9E39CAB2D3DD}"
EndProject
Project("{2150E333-8FDC-42A3-9474-1A3956D46DE8}") = "Tests", "Tests", "{44E83671-6389-4799-92EF-E3D4743925DD}"
EndProject
Project("{2150E333-8FDC-42A3-9474-1A3956D46DE8}") = "Solution Items", "Solution Items", "{ECB4611F-B203-4C60-BE5C-30ACF51839F1}"
	ProjectSection(SolutionItems) = preProject
		Dockerfile = Dockerfile
		scripts\run.sh = scripts\run.sh
	EndProjectSection
EndProject
Project("{9A19103F-16F7-4668-BE54-9A1E7A4F7556}") = "Fabrikam.DroneDelivery.DroneSchedulerService", "Fabrikam.DroneDelivery.DroneSchedulerService\Fabrikam.DroneDelivery.DroneSchedulerService.csproj", "{8EC22B29-F95C-4B0C-8274-3FCDB55C555C}"
EndProject
Global
	GlobalSection(SolutionConfigurationPlatforms) = preSolution
		Debug|Any CPU = Debug|Any CPU
		Release|Any CPU = Release|Any CPU
	EndGlobalSection
	GlobalSection(ProjectConfigurationPlatforms) = postSolution
		{81A668CF-785F-4A63-A2C7-76C86F16F49A}.Debug|Any CPU.ActiveCfg = Debug|Any CPU
		{81A668CF-785F-4A63-A2C7-76C86F16F49A}.Debug|Any CPU.Build.0 = Debug|Any CPU
		{81A668CF-785F-4A63-A2C7-76C86F16F49A}.Release|Any CPU.ActiveCfg = Release|Any CPU
		{81A668CF-785F-4A63-A2C7-76C86F16F49A}.Release|Any CPU.Build.0 = Release|Any CPU
		{4D0F39C2-0653-4E01-B1F6-9E39CAB2D3DD}.Debug|Any CPU.ActiveCfg = Debug|Any CPU
		{4D0F39C2-0653-4E01-B1F6-9E39CAB2D3DD}.Debug|Any CPU.Build.0 = Debug|Any CPU
		{4D0F39C2-0653-4E01-B1F6-9E39CAB2D3DD}.Release|Any CPU.ActiveCfg = Release|Any CPU
		{4D0F39C2-0653-4E01-B1F6-9E39CAB2D3DD}.Release|Any CPU.Build.0 = Release|Any CPU
		{8EC22B29-F95C-4B0C-8274-3FCDB55C555C}.Debug|Any CPU.ActiveCfg = Debug|Any CPU
		{8EC22B29-F95C-4B0C-8274-3FCDB55C555C}.Debug|Any CPU.Build.0 = Debug|Any CPU
		{8EC22B29-F95C-4B0C-8274-3FCDB55C555C}.Release|Any CPU.ActiveCfg = Release|Any CPU
		{8EC22B29-F95C-4B0C-8274-3FCDB55C555C}.Release|Any CPU.Build.0 = Release|Any CPU
	EndGlobalSection
	GlobalSection(SolutionProperties) = preSolution
		HideSolutionNode = FALSE
	EndGlobalSection
	GlobalSection(NestedProjects) = preSolution
		{4D0F39C2-0653-4E01-B1F6-9E39CAB2D3DD} = {44E83671-6389-4799-92EF-E3D4743925DD}
	EndGlobalSection
	GlobalSection(ExtensibilityGlobals) = postSolution
		SolutionGuid = {C81CEA0C-455B-422D-BEB3-AB22F0F3F95B}
	EndGlobalSection
EndGlobal
