
Microsoft Visual Studio Solution File, Format Version 12.00
# Visual Studio Version 16
VisualStudioVersion = 16.0.29709.97
MinimumVisualStudioVersion = 10.0.40219.1
Project("{9A19103F-16F7-4668-BE54-9A1E7A4F7556}") = "Drone", "Drone.csproj", "{C848A451-BFD5-4357-BF90-8FDDE27CC18C}"
EndProject
Global
	GlobalSection(SolutionConfigurationPlatforms) = preSolution
		Debug|Any CPU = Debug|Any CPU
		Release|Any CPU = Release|Any CPU
	EndGlobalSection
	GlobalSection(ProjectConfigurationPlatforms) = postSolution
		{C848A451-BFD5-4357-BF90-8FDDE27CC18C}.Debug|Any CPU.ActiveCfg = Debug|Any CPU
		{C848A451-BFD5-4357-BF90-8FDDE27CC18C}.Debug|Any CPU.Build.0 = Debug|Any CPU
		{C848A451-BFD5-4357-BF90-8FDDE27CC18C}.Release|Any CPU.ActiveCfg = Release|Any CPU
		{C848A451-BFD5-4357-BF90-8FDDE27CC18C}.Release|Any CPU.Build.0 = Release|Any CPU
	EndGlobalSection
	GlobalSection(SolutionProperties) = preSolution
		HideSolutionNode = FALSE
	EndGlobalSection
	GlobalSection(ExtensibilityGlobals) = postSolution
		SolutionGuid = {E1FF1060-53F5-4CB8-AFEA-A821465A9E97}
	EndGlobalSection
EndGlobal
