
Microsoft Visual Studio Solution File, Format Version 12.00
# Visual Studio 15
VisualStudioVersion = 15.0.28307.136
MinimumVisualStudioVersion = 10.0.40219.1
Project("{FAE04EC0-301F-11D3-BF4B-00C04F79EFBC}") = "Fabrikam.Workflow.Service", "Fabrikam.Workflow.Service\Fabrikam.Workflow.Service.csproj", "{2A3140EA-2FB2-4982-AF14-E9DC66D1D1FE}"
EndProject
Global
	GlobalSection(SolutionConfigurationPlatforms) = preSolution
		Debug|Any CPU = Debug|Any CPU
		Release|Any CPU = Release|Any CPU
	EndGlobalSection
	GlobalSection(ProjectConfigurationPlatforms) = postSolution
		{2A3140EA-2FB2-4982-AF14-E9DC66D1D1FE}.Debug|Any CPU.ActiveCfg = Debug|Any CPU
		{2A3140EA-2FB2-4982-AF14-E9DC66D1D1FE}.Debug|Any CPU.Build.0 = Debug|Any CPU
		{2A3140EA-2FB2-4982-AF14-E9DC66D1D1FE}.Release|Any CPU.ActiveCfg = Release|Any CPU
		{2A3140EA-2FB2-4982-AF14-E9DC66D1D1FE}.Release|Any CPU.Build.0 = Release|Any CPU
	EndGlobalSection
	GlobalSection(SolutionProperties) = preSolution
		HideSolutionNode = FALSE
	EndGlobalSection
	GlobalSection(ExtensibilityGlobals) = postSolution
		SolutionGuid = {2EB1F9E1-9576-495A-AE70-258803ADBE9E}
	EndGlobalSection
EndGlobal
