dependencies:
- name: ingestion-dev
  repository: file://envs/ingestion-dev
  version: v0.1.0
- name: ingestion-prod
  repository: file://envs/ingestion-prod
  version: v0.1.0
- name: ingestion-qa
  repository: file://envs/ingestion-qa
  version: v0.1.0
- name: ingestion-staging
  repository: file://envs/ingestion-staging
  version: v0.1.0
digest: sha256:feee2c2842b5de8b8e7fda4a388b62ff5e85438633a480b40518c1c3371adcc5
generated: "2019-10-25T14:37:00.76647856-06:00"
